{
  "version": 4,
  "terraform_version": "0.12.17",
  "serial": 101,
  "lineage": "0ce1fb96-40ee-747c-f0dd-b9e786129557",
  "outputs": {
    "Container_Name": {
      "value": "dev_blog",
      "type": "string"
    },
    "IP_Address": {
      "value": "172.17.0.2",
      "type": "string"
    }
  },
  "resources": [
    {
      "module": "module.container",
      "mode": "managed",
      "type": "docker_container",
      "name": "container_id",
      "provider": "provider.docker",
      "instances": [
        {
          "schema_version": 1,
          "attributes": {
            "attach": false,
            "bridge": "",
            "capabilities": [],
            "command": null,
            "container_logs": null,
            "cpu_set": null,
            "cpu_shares": null,
            "destroy_grace_seconds": null,
            "devices": [],
            "dns": null,
            "dns_opts": null,
            "dns_search": null,
            "domainname": null,
            "entrypoint": null,
            "env": null,
            "exit_code": null,
            "gateway": "172.17.0.1",
            "group_add": null,
            "healthcheck": [],
            "host": [],
            "hostname": null,
            "id": "330c4381499381e27579199dfd83d7dfcc4dc552c6908cf0b2a5dff639c128dc",
            "image": "sha256:eadda45eb5e4c4dde5ef2bbb16f7e6754183d4e6fab6025f44fe1c214a5efc6e",
            "ip_address": "172.17.0.2",
            "ip_prefix_length": 16,
            "ipc_mode": null,
            "labels": null,
            "links": null,
            "log_driver": "json-file",
            "log_opts": null,
            "logs": false,
            "max_retry_count": null,
            "memory": null,
            "memory_swap": null,
            "mounts": [],
            "must_run": true,
            "name": "dev_blog",
            "network_alias": null,
            "network_data": [
              {
                "gateway": "172.17.0.1",
                "ip_address": "172.17.0.2",
                "ip_prefix_length": 16,
                "network_name": "bridge"
              }
            ],
            "network_mode": null,
            "networks": null,
            "networks_advanced": [],
            "pid_mode": null,
            "ports": [
              {
                "external": 2368,
                "internal": 2368,
                "ip": "0.0.0.0",
                "protocol": "tcp"
              }
            ],
            "privileged": null,
            "publish_all_ports": null,
            "read_only": false,
            "restart": "no",
            "rm": false,
            "shm_size": null,
            "start": true,
            "sysctls": null,
            "tmpfs": null,
            "ulimit": [],
            "upload": [],
            "user": null,
            "userns_mode": null,
            "volumes": [],
            "working_dir": null
          },
          "private": "eyJzY2hlbWFfdmVyc2lvbiI6IjEifQ==",
          "dependencies": [
            "module.image.docker_image.image_id"
          ]
        }
      ]
    },
    {
      "module": "module.image",
      "mode": "managed",
      "type": "docker_image",
      "name": "image_id",
      "provider": "provider.docker",
      "instances": [
        {
          "schema_version": 0,
          "attributes": {
            "id": "sha256:eadda45eb5e4c4dde5ef2bbb16f7e6754183d4e6fab6025f44fe1c214a5efc6eghost:latest",
            "keep_locally": true,
            "latest": "sha256:eadda45eb5e4c4dde5ef2bbb16f7e6754183d4e6fab6025f44fe1c214a5efc6e",
            "name": "ghost:latest",
            "pull_trigger": null,
            "pull_triggers": null
          },
          "private": "bnVsbA=="
        }
      ]
    },
    {
      "mode": "managed",
      "type": "null_resource",
      "name": "null_id",
      "provider": "provider.null",
      "instances": [
        {
          "schema_version": 0,
          "attributes": {
            "id": "5120832308996770348",
            "triggers": null
          },
          "private": "bnVsbA==",
          "dependencies": [
            "module.container.docker_container.container_id",
            "module.image.docker_image.image_id"
          ]
        }
      ]
    }
  ]
}
